# This file is generated by running "yarn install" inside your project.
# Manual changes might be lost - proceed with caution!

__metadata:
  version: 10
  cacheKey: 10c0

"jquery-ui-dist@npm:^1.13.3":
  version: 1.13.3
  resolution: "jquery-ui-dist@npm:1.13.3"
  dependencies:
    jquery: "npm:>=1.8.0 <4.0.0"
  checksum: 10c0/d282511e137c6aaf9aac8a33bd06eec5b2e9882c3ceac8b8b59608f808880720238471311cdd34ceaf1557ba2cd7ce31cb4461e56099b54eb07551a53b4ac913
  languageName: node
  linkType: hard

"jquery@npm:>=1.8.0 <4.0.0":
  version: 3.7.1
  resolution: "jquery@npm:3.7.1"
  checksum: 10c0/808cfbfb758438560224bf26e17fcd5afc7419170230c810dd11f5c1792e2263e2970cca8d659eb84fcd9acc301edb6d310096e450277d54be4f57071b0c82d9
  languageName: node
  linkType: hard

"jquery@npm:^4.0.0":
  version: 4.0.0
  resolution: "jquery@npm:4.0.0"
  checksum: 10c0/06d8d0f51121af5a691f8b59c74823157bb5b60eea915b30eaa920d6c0ffd91e60ba81e9b97bd8203f331f9dd8d0ec9a4b010935ea314bdd2f15453c29bc780b
  languageName: node
  linkType: hard

"rails@workspace:.":
  version: 0.0.0-use.local
  resolution: "rails@workspace:."
  dependencies:
    jquery: "npm:^4.0.0"
    jquery-ui-dist: "npm:^1.13.3"
    tag-it: "npm:^2.0.0"
  languageName: unknown
  linkType: soft

"tag-it@npm:^2.0.0":
  version: 2.0.0
  resolution: "tag-it@npm:2.0.0"
  checksum: 10c0/19f810e68c829b91943c7d130f178871587aba908af8821ef02d672b2cb6244ce3e55cf3b54cd6167d8c0d5470ce30a8aba5cb34c4f656d2861d8b89cea1b85e
  languageName: node
  linkType: hard
